// !$*UTF8*$!
{
	archiveVersion = 1;
	classes = {
	};
	objectVersion = 50;
	objects = {

/* Begin PBXBuildFile section */
		6079BB9B2546A77800D41F6E /* AppDelegate.swift in Sources */ = {isa = PBXBuildFile; fileRef = 6079BB9A2546A77800D41F6E /* AppDelegate.swift */; };
		6079BB9D2546A77800D41F6E /* SceneDelegate.swift in Sources */ = {isa = PBXBuildFile; fileRef = 6079BB9C2546A77800D41F6E /* SceneDelegate.swift */; };
		6079BB9F2546A77800D41F6E /* ViewController.swift in Sources */ = {isa = PBXBuildFile; fileRef = 6079BB9E2546A77800D41F6E /* ViewController.swift */; };
		6079BBA22546A77800D41F6E /* Main.storyboard in Resources */ = {isa = PBXBuildFile; fileRef = 6079BBA02546A77800D41F6E /* Main.storyboard */; };
		6079BBA42546A77900D41F6E /* Assets.xcassets in Resources */ = {isa = PBXBuildFile; fileRef = 6079BBA32546A77900D41F6E /* Assets.xcassets */; };
		6079BBA72546A77900D41F6E /* LaunchScreen.storyboard in Resources */ = {isa = PBXBuildFile; fileRef = 6079BBA52546A77900D41F6E /* LaunchScreen.storyboard */; };
/* End PBXBuildFile section */

/* Begin PBXFileReference section */
		6079BB972546A77800D41F6E /* Integrate-Java_script_with_swift.app */ = {isa = PBXFileReference; explicitFileType = wrapper.application; includeInIndex = 0; path = "Integrate-Java_script_with_swift.app"; sourceTree = BUILT_PRODUCTS_DIR; };
		6079BB9A2546A77800D41F6E /* AppDelegate.swift */ = {isa = PBXFileReference; lastKnownFileType = sourcecode.swift; path = AppDelegate.swift; sourceTree = "<group>"; };
		6079BB9C2546A77800D41F6E /* SceneDelegate.swift */ = {isa = PBXFileReference; lastKnownFileType = sourcecode.swift; path = SceneDelegate.swift; sourceTree = "<group>"; };
		6079BB9E2546A77800D41F6E /* ViewController.swift */ = {isa = PBXFileReference; lastKnownFileType = sourcecode.swift; path = ViewController.swift; sourceTree = "<group>"; };
		6079BBA12546A77800D41F6E /* Base */ = {isa = PBXFileReference; lastKnownFileType = file.storyboard; name = Base; path = Base.lproj/Main.storyboard; sourceTree = "<group>"; };
		6079BBA32546A77900D41F6E /* Assets.xcassets */ = {isa = PBXFileReference; lastKnownFileType = folder.assetcatalog; path = Assets.xcassets; sourceTree = "<group>"; };
		6079BBA62546A77900D41F6E /* Base */ = {isa = PBXFileReference; lastKnownFileType = file.storyboard; name = Base; path = Base.lproj/LaunchScreen.storyboard; sourceTree = "<group>"; };
		6079BBA82546A77900D41F6E /* Info.plist */ = {isa = PBXFileReference; lastKnownFileType = text.plist.xml; path = Info.plist; sourceTree = "<group>"; };
/* End PBXFileReference section */

/* Begin PBXFrameworksBuildPhase section */
		6079BB942546A77800D41F6E /* Frameworks */ = {
			isa = PBXFrameworksBuildPhase;
			buildActionMask = 2147483647;
			files = (
			);
			runOnlyForDeploymentPostprocessing = 0;
		};
/* End PBXFrameworksBuildPhase section */

/* Begin PBXGroup section */
		6079BB8E2546A77800D41F6E = {
			isa = PBXGroup;
			children = (
				6079BB992546A77800D41F6E /* Integrate-Java_script_with_swift */,
				6079BB982546A77800D41F6E /* Products */,
			);
			sourceTree = "<group>";
		};
		6079BB982546A77800D41F6E /* Products */ = {
			isa = PBXGroup;
			children = (
				6079BB972546A77800D41F6E /* Integrate-Java_script_with_swift.app */,
			);
			name = Products;
			sourceTree = "<group>";
		};
		6079BB992546A77800D41F6E /* Integrate-Java_script_with_swift */ = {
			isa = PBXGroup;
			children = (
				6079BB9A2546A77800D41F6E /* AppDelegate.swift */,
				6079BB9C2546A77800D41F6E /* SceneDelegate.swift */,
				6079BB9E2546A77800D41F6E /* ViewController.swift */,
				6079BBA02546A77800D41F6E /* Main.storyboard */,
				6079BBA32546A77900D41F6E /* Assets.xcassets */,
				6079BBA52546A77900D41F6E /* LaunchScreen.storyboard */,
				6079BBA82546A77900D41F6E /* Info.plist */,
			);
			path = "Integrate-Java_script_with_swift";
			sourceTree = "<group>";
		};
/* End PBXGroup section */

/* Begin PBXNativeTarget section */
		6079BB962546A77800D41F6E /* Integrate-Java_script_with_swift */ = {
			isa = PBXNativeTarget;
			buildConfigurationList = 6079BBAB2546A77900D41F6E /* Build configuration list for PBXNativeTarget "Integrate-Java_script_with_swift" */;
			buildPhases = (
				6079BB932546A77800D41F6E /* Sources */,
				6079BB942546A77800D41F6E /* Frameworks */,
				6079BB952546A77800D41F6E /* Resources */,
			);
			buildRules = (
			);
			dependencies = (
			);
			name = "Integrate-Java_script_with_swift";
			productName = "Integrate-Java_script_with_swift";
			productReference = 6079BB972546A77800D41F6E /* Integrate-Java_script_with_swift.app */;
			productType = "com.apple.product-type.application";
		};
/* End PBXNativeTarget section */

/* Begin PBXProject section */
		6079BB8F2546A77800D41F6E /* Project object */ = {
			isa = PBXProject;
			attributes = {
				LastSwiftUpdateCheck = 1130;
				LastUpgradeCheck = 1130;
				ORGANIZATIONNAME = "Mohamed Samir";
				TargetAttributes = {
					6079BB962546A77800D41F6E = {
						CreatedOnToolsVersion = 11.3.1;
					};
				};
			};
			buildConfigurationList = 6079BB922546A77800D41F6E /* Build configuration list for PBXProject "Integrate-Java_script_with_swift" */;
			compatibilityVersion = "Xcode 9.3";
			developmentRegion = en;
			hasScannedForEncodings = 0;
			knownRegions = (
				en,
				Base,
			);
			mainGroup = 6079BB8E2546A77800D41F6E;
			productRefGroup = 6079BB982546A77800D41F6E /* Products */;
			projectDirPath = "";
			projectRoot = "";
			targets = (
				6079BB962546A77800D41F6E /* Integrate-Java_script_with_swift */,
			);
		};
/* End PBXProject section */

/* Begin PBXResourcesBuildPhase section */
		6079BB952546A77800D41F6E /* Resources */ = {
			isa = PBXResourcesBuildPhase;
			buildActionMask = 2147483647;
			files = (
				6079BBA72546A77900D41F6E /* LaunchScreen.storyboard in Resources */,
				6079BBA42546A77900D41F6E /* Assets.xcassets in Resources */,
				6079BBA22546A77800D41F6E /* Main.storyboard in Resources */,
			);
			runOnlyForDeploymentPostprocessing = 0;
		};
/* End PBXResourcesBuildPhase section */

/* Begin PBXSourcesBuildPhase section */
		6079BB932546A77800D41F6E /* Sources */ = {
			isa = PBXSourcesBuildPhase;
			buildActionMask = 2147483647;
			files = (
				6079BB9F2546A77800D41F6E /* ViewController.swift in Sources */,
				6079BB9B2546A77800D41F6E /* AppDelegate.swift in Sources */,
				6079BB9D2546A77800D41F6E /* SceneDelegate.swift in Sources */,
			);
			runOnlyForDeploymentPostprocessing = 0;
		};
/* End PBXSourcesBuildPhase section */

/* Begin PBXVariantGroup section */
		6079BBA02546A77800D41F6E /* Main.storyboard */ = {
			isa = PBXVariantGroup;
			children = (
				6079BBA12546A77800D41F6E /* Base */,
			);
			name = Main.storyboard;
			sourceTree = "<group>";
		};
		6079BBA52546A77900D41F6E /* LaunchScreen.storyboard */ = {
			isa = PBXVariantGroup;
			children = (
				6079BBA62546A77900D41F6E /* Base */,
			);
			name = LaunchScreen.storyboard;
			sourceTree = "<group>";
		};
/* End PBXVariantGroup section */

/* Begin XCBuildConfiguration section */
		6079BBA92546A77900D41F6E /* Debug */ = {
			isa = XCBuildConfiguration;
			buildSettings = {
				ALWAYS_SEARCH_USER_PATHS = NO;
				CLANG_ANALYZER_NONNULL = YES;
				CLANG_ANALYZER_NUMBER_OBJECT_CONVERSION = YES_AGGRESSIVE;
				CLANG_CXX_LANGUAGE_STANDARD = "gnu++14";
				CLANG_CXX_LIBRARY = "libc++";
				CLANG_ENABLE_MODULES = YES;
				CLANG_ENABLE_OBJC_ARC = YES;
				CLANG_ENABLE_OBJC_WEAK = YES;
				CLANG_WARN_BLOCK_CAPTURE_AUTORELEASING = YES;
				CLANG_WARN_BOOL_CONVERSION = YES;
				CLANG_WARN_COMMA = YES;
				CLANG_WARN_CONSTANT_CONVERSION = YES;
				CLANG_WARN_DEPRECATED_OBJC_IMPLEMENTATIONS = YES;
				CLANG_WARN_DIRECT_OBJC_ISA_USAGE = YES_ERROR;
				CLANG_WARN_DOCUMENTATION_COMMENTS = YES;
				CLANG_WARN_EMPTY_BODY = YES;
				CLANG_WARN_ENUM_CONVERSION = YES;
				CLANG_WARN_INFINITE_RECURSION = YES;
				CLANG_WARN_INT_CONVERSION = YES;
				CLANG_WARN_NON_LITERAL_NULL_CONVERSION = YES;
				CLANG_WARN_OBJC_IMPLICIT_RETAIN_SELF = YES;
				CLANG_WARN_OBJC_LITERAL_CONVERSION = YES;
				CLANG_WARN_OBJC_ROOT_CLASS = YES_ERROR;
				CLANG_WARN_RANGE_LOOP_ANALYSIS = YES;
				CLANG_WARN_STRICT_PROTOTYPES = YES;
				CLANG_WARN_SUSPICIOUS_MOVE = YES;
				CLANG_WARN_UNGUARDED_AVAILABILITY = YES_AGGRESSIVE;
				CLANG_WARN_UNREACHABLE_CODE = YES;
				CLANG_WARN__DUPLICATE_METHOD_MATCH = YES;
				COPY_PHASE_STRIP = NO;
				DEBUG_INFORMATION_FORMAT = dwarf;
				ENABLE_STRICT_OBJC_MSGSEND = YES;
				ENABLE_TESTABILITY = YES;
				GCC_C_LANGUAGE_STANDARD = gnu11;
				GCC_DYNAMIC_NO_PIC = NO;
				GCC_NO_COMMON_BLOCKS = YES;
				GCC_OPTIMIZATION_LEVEL = 0;
				GCC_PREPROCESSOR_DEFINITIONS = (
					"DEBUG=1",
					"$(inherited)",
				);
				GCC_WARN_64_TO_32_BIT_CONVERSION = YES;
				GCC_WARN_ABOUT_RETURN_TYPE = YES_ERROR;
				GCC_WARN_UNDECLARED_SELECTOR = YES;
				GCC_WARN_UNINITIALIZED_AUTOS = YES_AGGRESSIVE;
				GCC_WARN_UNUSED_FUNCTION = YES;
				GCC_WARN_UNUSED_VARIABLE = YES;
				IPHONEOS_DEPLOYMENT_TARGET = 13.2;
				MTL_ENABLE_DEBUG_INFO = INCLUDE_SOURCE;
				MTL_FAST_MATH = YES;
				ONLY_ACTIVE_ARCH = YES;
				SDKROOT = iphoneos;
				SWIFT_ACTIVE_COMPILATION_CONDITIONS = DEBUG;
				SWIFT_OPTIMIZATION_LEVEL = "-Onone";
			};
			name = Debug;
		};
		6079BBAA2546A77900D41F6E /* Release */ = {
			isa = XCBuildConfiguration;
			buildSettings = {
				ALWAYS_SEARCH_USER_PATHS = NO;
				CLANG_ANALYZER_NONNULL = YES;
				CLANG_ANALYZER_NUMBER_OBJECT_CONVERSION = YES_AGGRESSIVE;
				CLANG_CXX_LANGUAGE_STANDARD = "gnu++14";
				CLANG_CXX_LIBRARY = "libc++";
				CLANG_ENABLE_MODULES = YES;
				CLANG_ENABLE_OBJC_ARC = YES;
				CLANG_ENABLE_OBJC_WEAK = YES;
				CLANG_WARN_BLOCK_CAPTURE_AUTORELEASING = YES;
				CLANG_WARN_BOOL_CONVERSION = YES;
				CLANG_WARN_COMMA = YES;
				CLANG_WARN_CONSTANT_CONVERSION = YES;
				CLANG_WARN_DEPRECATED_OBJC_IMPLEMENTATIONS = YES;
				CLANG_WARN_DIRECT_OBJC_ISA_USAGE = YES_ERROR;
				CLANG_WARN_DOCUMENTATION_COMMENTS = YES;
				CLANG_WARN_EMPTY_BODY = YES;
				CLANG_WARN_ENUM_CONVERSION = YES;
				CLANG_WARN_INFINITE_RECURSION = YES;
				CLANG_WARN_INT_CONVERSION = YES;
				CLANG_WARN_NON_LITERAL_NULL_CONVERSION = YES;
				CLANG_WARN_OBJC_IMPLICIT_RETAIN_SELF = YES;
				CLANG_WARN_OBJC_LITERAL_CONVERSION = YES;
				CLANG_WARN_OBJC_ROOT_CLASS = YES_ERROR;
				CLANG_WARN_RANGE_LOOP_ANALYSIS = YES;
				CLANG_WARN_STRICT_PROTOTYPES = YES;
				CLANG_WARN_SUSPICIOUS_MOVE = YES;
				CLANG_WARN_UNGUARDED_AVAILABILITY = YES_AGGRESSIVE;
				CLANG_WARN_UNREACHABLE_CODE = YES;
				CLANG_WARN__DUPLICATE_METHOD_MATCH = YES;
				COPY_PHASE_STRIP = NO;
				DEBUG_INFORMATION_FORMAT = "dwarf-with-dsym";
				ENABLE_NS_ASSERTIONS = NO;
				ENABLE_STRICT_OBJC_MSGSEND = YES;
				GCC_C_LANGUAGE_STANDARD = gnu11;
				GCC_NO_COMMON_BLOCKS = YES;
				GCC_WARN_64_TO_32_BIT_CONVERSION = YES;
				GCC_WARN_ABOUT_RETURN_TYPE = YES_ERROR;
				GCC_WARN_UNDECLARED_SELECTOR = YES;
				GCC_WARN_UNINITIALIZED_AUTOS = YES_AGGRESSIVE;
				GCC_WARN_UNUSED_FUNCTION = YES;
				GCC_WARN_UNUSED_VARIABLE = YES;
				IPHONEOS_DEPLOYMENT_TARGET = 13.2;
				MTL_ENABLE_DEBUG_INFO = NO;
				MTL_FAST_MATH = YES;
				SDKROOT = iphoneos;
				SWIFT_COMPILATION_MODE = wholemodule;
				SWIFT_OPTIMIZATION_LEVEL = "-O";
				VALIDATE_PRODUCT = YES;
			};
			name = Release;
		};
		6079BBAC2546A77900D41F6E /* Debug */ = {
			isa = XCBuildConfiguration;
			buildSettings = {
				ASSETCATALOG_COMPILER_APPICON_NAME = AppIcon;
				CODE_SIGN_STYLE = Automatic;
				INFOPLIST_FILE = "Integrate-Java_script_with_swift/Info.plist";
				LD_RUNPATH_SEARCH_PATHS = (
					"$(inherited)",
					"@executable_path/Frameworks",
				);
				PRODUCT_BUNDLE_IDENTIFIER = "mohamedsamir.Integrate-Java-script-with-swift";
				PRODUCT_NAME = "$(TARGET_NAME)";
				SWIFT_VERSION = 5.0;
				TARGETED_DEVICE_FAMILY = "1,2";
			};
			name = Debug;
		};
		6079BBAD2546A77900D41F6E /* Release */ = {
			isa = XCBuildConfiguration;
			buildSettings = {
				ASSETCATALOG_COMPILER_APPICON_NAME = AppIcon;
				CODE_SIGN_STYLE = Automatic;
				INFOPLIST_FILE = "Integrate-Java_script_with_swift/Info.plist";
				LD_RUNPATH_SEARCH_PATHS = (
					"$(inherited)",
					"@executable_path/Frameworks",
				);
				PRODUCT_BUNDLE_IDENTIFIER = "mohamedsamir.Integrate-Java-script-with-swift";
				PRODUCT_NAME = "$(TARGET_NAME)";
				SWIFT_VERSION = 5.0;
				TARGETED_DEVICE_FAMILY = "1,2";
			};
			name = Release;
		};
/* End XCBuildConfiguration section */

/* Begin XCConfigurationList section */
		6079BB922546A77800D41F6E /* Build configuration list for PBXProject "Integrate-Java_script_with_swift" */ = {
			isa = XCConfigurationList;
			buildConfigurations = (
				6079BBA92546A77900D41F6E /* Debug */,
				6079BBAA2546A77900D41F6E /* Release */,
			);
			defaultConfigurationIsVisible = 0;
			defaultConfigurationName = Release;
		};
		6079BBAB2546A77900D41F6E /* Build configuration list for PBXNativeTarget "Integrate-Java_script_with_swift" */ = {
			isa = XCConfigurationList;
			buildConfigurations = (
				6079BBAC2546A77900D41F6E /* Debug */,
				6079BBAD2546A77900D41F6E /* Release */,
			);
			defaultConfigurationIsVisible = 0;
			defaultConfigurationName = Release;
		};
/* End XCConfigurationList section */
	};
	rootObject = 6079BB8F2546A77800D41F6E /* Project object */;
}
